// !$*UTF8*$!
{
	archiveVersion = 1;
	classes = {
	};
	objectVersion = 50;
	objects = {

/* Begin PBXBuildFile section */
		FABA462E2089A2C1000CB1B9 /* AppDelegate.swift in Sources */ = {isa = PBXBuildFile; fileRef = FABA462D2089A2C1000CB1B9 /* AppDelegate.swift */; };
		FABA46302089A2C1000CB1B9 /* ViewController.swift in Sources */ = {isa = PBXBuildFile; fileRef = FABA462F2089A2C1000CB1B9 /* ViewController.swift */; };
		FABA46332089A2C1000CB1B9 /* Main.storyboard in Resources */ = {isa = PBXBuildFile; fileRef = FABA46312089A2C1000CB1B9 /* Main.storyboard */; };
		FABA46352089A2C2000CB1B9 /* Assets.xcassets in Resources */ = {isa = PBXBuildFile; fileRef = FABA46342089A2C2000CB1B9 /* Assets.xcassets */; };
		FABA46382089A2C2000CB1B9 /* LaunchScreen.storyboard in Resources */ = {isa = PBXBuildFile; fileRef = FABA46362089A2C2000CB1B9 /* LaunchScreen.storyboard */; };
		FABA46402089A333000CB1B9 /* AutoSizeCollectionFlowLayout.swift in Sources */ = {isa = PBXBuildFile; fileRef = FABA463F2089A333000CB1B9 /* AutoSizeCollectionFlowLayout.swift */; };
		FABA46452089A39D000CB1B9 /* FileNoteCollectionViewCell.swift in Sources */ = {isa = PBXBuildFile; fileRef = FABA46432089A39D000CB1B9 /* FileNoteCollectionViewCell.swift */; };
		FABA46462089A39D000CB1B9 /* FileNoteCollectionViewCell.xib in Resources */ = {isa = PBXBuildFile; fileRef = FABA46442089A39D000CB1B9 /* FileNoteCollectionViewCell.xib */; };
/* End PBXBuildFile section */

/* Begin PBXFileReference section */
		FABA462A2089A2C1000CB1B9 /* AutoSizeCollectionViewCell.app */ = {isa = PBXFileReference; explicitFileType = wrapper.application; includeInIndex = 0; path = AutoSizeCollectionViewCell.app; sourceTree = BUILT_PRODUCTS_DIR; };
		FABA462D2089A2C1000CB1B9 /* AppDelegate.swift */ = {isa = PBXFileReference; lastKnownFileType = sourcecode.swift; path = AppDelegate.swift; sourceTree = "<group>"; };
		FABA462F2089A2C1000CB1B9 /* ViewController.swift */ = {isa = PBXFileReference; lastKnownFileType = sourcecode.swift; path = ViewController.swift; sourceTree = "<group>"; };
		FABA46322089A2C1000CB1B9 /* Base */ = {isa = PBXFileReference; lastKnownFileType = file.storyboard; name = Base; path = Base.lproj/Main.storyboard; sourceTree = "<group>"; };
		FABA46342089A2C2000CB1B9 /* Assets.xcassets */ = {isa = PBXFileReference; lastKnownFileType = folder.assetcatalog; path = Assets.xcassets; sourceTree = "<group>"; };
		FABA46372089A2C2000CB1B9 /* Base */ = {isa = PBXFileReference; lastKnownFileType = file.storyboard; name = Base; path = Base.lproj/LaunchScreen.storyboard; sourceTree = "<group>"; };
		FABA46392089A2C2000CB1B9 /* Info.plist */ = {isa = PBXFileReference; lastKnownFileType = text.plist.xml; path = Info.plist; sourceTree = "<group>"; };
		FABA463F2089A333000CB1B9 /* AutoSizeCollectionFlowLayout.swift */ = {isa = PBXFileReference; lastKnownFileType = sourcecode.swift; path = AutoSizeCollectionFlowLayout.swift; sourceTree = "<group>"; };
		FABA46432089A39D000CB1B9 /* FileNoteCollectionViewCell.swift */ = {isa = PBXFileReference; fileEncoding = 4; lastKnownFileType = sourcecode.swift; path = FileNoteCollectionViewCell.swift; sourceTree = "<group>"; };
		FABA46442089A39D000CB1B9 /* FileNoteCollectionViewCell.xib */ = {isa = PBXFileReference; fileEncoding = 4; lastKnownFileType = file.xib; path = FileNoteCollectionViewCell.xib; sourceTree = "<group>"; };
/* End PBXFileReference section */

/* Begin PBXFrameworksBuildPhase section */
		FABA46272089A2C1000CB1B9 /* Frameworks */ = {
			isa = PBXFrameworksBuildPhase;
			buildActionMask = 2147483647;
			files = (
			);
			runOnlyForDeploymentPostprocessing = 0;
		};
/* End PBXFrameworksBuildPhase section */

/* Begin PBXGroup section */
		FA39E7AB2089A4A000AE4BE3 /* Resource */ = {
			isa = PBXGroup;
			children = (
				FABA46362089A2C2000CB1B9 /* LaunchScreen.storyboard */,
				FABA46392089A2C2000CB1B9 /* Info.plist */,
				FABA46342089A2C2000CB1B9 /* Assets.xcassets */,
			);
			name = Resource;
			sourceTree = "<group>";
		};
		FABA46212089A2C1000CB1B9 = {
			isa = PBXGroup;
			children = (
				FABA462C2089A2C1000CB1B9 /* AutoSizeCollectionViewCell */,
				FABA462B2089A2C1000CB1B9 /* Products */,
			);
			sourceTree = "<group>";
		};
		FABA462B2089A2C1000CB1B9 /* Products */ = {
			isa = PBXGroup;
			children = (
				FABA462A2089A2C1000CB1B9 /* AutoSizeCollectionViewCell.app */,
			);
			name = Products;
			sourceTree = "<group>";
		};
		FABA462C2089A2C1000CB1B9 /* AutoSizeCollectionViewCell */ = {
			isa = PBXGroup;
			children = (
				FABA46312089A2C1000CB1B9 /* Main.storyboard */,
				FABA462F2089A2C1000CB1B9 /* ViewController.swift */,
				FABA463F2089A333000CB1B9 /* AutoSizeCollectionFlowLayout.swift */,
				FA39E7AB2089A4A000AE4BE3 /* Resource */,
				FABA46472089A459000CB1B9 /* Cell */,
				FABA46422089A353000CB1B9 /* AppDelegate */,
			);
			path = AutoSizeCollectionViewCell;
			sourceTree = "<group>";
		};
		FABA46422089A353000CB1B9 /* AppDelegate */ = {
			isa = PBXGroup;
			children = (
				FABA462D2089A2C1000CB1B9 /* AppDelegate.swift */,
			);
			name = AppDelegate;
			sourceTree = "<group>";
		};
		FABA46472089A459000CB1B9 /* Cell */ = {
			isa = PBXGroup;
			children = (
				FABA46442089A39D000CB1B9 /* FileNoteCollectionViewCell.xib */,
				FABA46432089A39D000CB1B9 /* FileNoteCollectionViewCell.swift */,
			);
			name = Cell;
			sourceTree = "<group>";
		};
/* End PBXGroup section */

/* Begin PBXNativeTarget section */
		FABA46292089A2C1000CB1B9 /* AutoSizeCollectionViewCell */ = {
			isa = PBXNativeTarget;
			buildConfigurationList = FABA463C2089A2C2000CB1B9 /* Build configuration list for PBXNativeTarget "AutoSizeCollectionViewCell" */;
			buildPhases = (
				FABA46262089A2C1000CB1B9 /* Sources */,
				FABA46272089A2C1000CB1B9 /* Frameworks */,
				FABA46282089A2C1000CB1B9 /* Resources */,
			);
			buildRules = (
			);
			dependencies = (
			);
			name = AutoSizeCollectionViewCell;
			productName = AutoSizeCollectionViewCell;
			productReference = FABA462A2089A2C1000CB1B9 /* AutoSizeCollectionViewCell.app */;
			productType = "com.apple.product-type.application";
		};
/* End PBXNativeTarget section */

/* Begin PBXProject section */
		FABA46222089A2C1000CB1B9 /* Project object */ = {
			isa = PBXProject;
			attributes = {
				LastSwiftUpdateCheck = 0930;
				LastUpgradeCheck = 0930;
				ORGANIZATIONNAME = "Alex Lee";
				TargetAttributes = {
					FABA46292089A2C1000CB1B9 = {
						CreatedOnToolsVersion = 9.3;
					};
				};
			};
			buildConfigurationList = FABA46252089A2C1000CB1B9 /* Build configuration list for PBXProject "AutoSizeCollectionViewCell" */;
			compatibilityVersion = "Xcode 9.3";
			developmentRegion = en;
			hasScannedForEncodings = 0;
			knownRegions = (
				en,
				Base,
			);
			mainGroup = FABA46212089A2C1000CB1B9;
			productRefGroup = FABA462B2089A2C1000CB1B9 /* Products */;
			projectDirPath = "";
			projectRoot = "";
			targets = (
				FABA46292089A2C1000CB1B9 /* AutoSizeCollectionViewCell */,
			);
		};
/* End PBXProject section */

/* Begin PBXResourcesBuildPhase section */
		FABA46282089A2C1000CB1B9 /* Resources */ = {
			isa = PBXResourcesBuildPhase;
			buildActionMask = 2147483647;
			files = (
				FABA46462089A39D000CB1B9 /* FileNoteCollectionViewCell.xib in Resources */,
				FABA46382089A2C2000CB1B9 /* LaunchScreen.storyboard in Resources */,
				FABA46352089A2C2000CB1B9 /* Assets.xcassets in Resources */,
				FABA46332089A2C1000CB1B9 /* Main.storyboard in Resources */,
			);
			runOnlyForDeploymentPostprocessing = 0;
		};
/* End PBXResourcesBuildPhase section */

/* Begin PBXSourcesBuildPhase section */
		FABA46262089A2C1000CB1B9 /* Sources */ = {
			isa = PBXSourcesBuildPhase;
			buildActionMask = 2147483647;
			files = (
				FABA46452089A39D000CB1B9 /* FileNoteCollectionViewCell.swift in Sources */,
				FABA46302089A2C1000CB1B9 /* ViewController.swift in Sources */,
				FABA46402089A333000CB1B9 /* AutoSizeCollectionFlowLayout.swift in Sources */,
				FABA462E2089A2C1000CB1B9 /* AppDelegate.swift in Sources */,
			);
			runOnlyForDeploymentPostprocessing = 0;
		};
/* End PBXSourcesBuildPhase section */

/* Begin PBXVariantGroup section */
		FABA46312089A2C1000CB1B9 /* Main.storyboard */ = {
			isa = PBXVariantGroup;
			children = (
				FABA46322089A2C1000CB1B9 /* Base */,
			);
			name = Main.storyboard;
			sourceTree = "<group>";
		};
		FABA46362089A2C2000CB1B9 /* LaunchScreen.storyboard */ = {
			isa = PBXVariantGroup;
			children = (
				FABA46372089A2C2000CB1B9 /* Base */,
			);
			name = LaunchScreen.storyboard;
			sourceTree = "<group>";
		};
/* End PBXVariantGroup section */

/* Begin XCBuildConfiguration section */
		FABA463A2089A2C2000CB1B9 /* Debug */ = {
			isa = XCBuildConfiguration;
			buildSettings = {
				ALWAYS_SEARCH_USER_PATHS = NO;
				CLANG_ANALYZER_NONNULL = YES;
				CLANG_ANALYZER_NUMBER_OBJECT_CONVERSION = YES_AGGRESSIVE;
				CLANG_CXX_LANGUAGE_STANDARD = "gnu++14";
				CLANG_CXX_LIBRARY = "libc++";
				CLANG_ENABLE_MODULES = YES;
				CLANG_ENABLE_OBJC_ARC = YES;
				CLANG_ENABLE_OBJC_WEAK = YES;
				CLANG_WARN_BLOCK_CAPTURE_AUTORELEASING = YES;
				CLANG_WARN_BOOL_CONVERSION = YES;
				CLANG_WARN_COMMA = YES;
				CLANG_WARN_CONSTANT_CONVERSION = YES;
				CLANG_WARN_DEPRECATED_OBJC_IMPLEMENTATIONS = YES;
				CLANG_WARN_DIRECT_OBJC_ISA_USAGE = YES_ERROR;
				CLANG_WARN_DOCUMENTATION_COMMENTS = YES;
				CLANG_WARN_EMPTY_BODY = YES;
				CLANG_WARN_ENUM_CONVERSION = YES;
				CLANG_WARN_INFINITE_RECURSION = YES;
				CLANG_WARN_INT_CONVERSION = YES;
				CLANG_WARN_NON_LITERAL_NULL_CONVERSION = YES;
				CLANG_WARN_OBJC_IMPLICIT_RETAIN_SELF = YES;
				CLANG_WARN_OBJC_LITERAL_CONVERSION = YES;
				CLANG_WARN_OBJC_ROOT_CLASS = YES_ERROR;
				CLANG_WARN_RANGE_LOOP_ANALYSIS = YES;
				CLANG_WARN_STRICT_PROTOTYPES = YES;
				CLANG_WARN_SUSPICIOUS_MOVE = YES;
				CLANG_WARN_UNGUARDED_AVAILABILITY = YES_AGGRESSIVE;
				CLANG_WARN_UNREACHABLE_CODE = YES;
				CLANG_WARN__DUPLICATE_METHOD_MATCH = YES;
				CODE_SIGN_IDENTITY = "iPhone Developer";
				COPY_PHASE_STRIP = NO;
				DEBUG_INFORMATION_FORMAT = dwarf;
				ENABLE_STRICT_OBJC_MSGSEND = YES;
				ENABLE_TESTABILITY = YES;
				GCC_C_LANGUAGE_STANDARD = gnu11;
				GCC_DYNAMIC_NO_PIC = NO;
				GCC_NO_COMMON_BLOCKS = YES;
				GCC_OPTIMIZATION_LEVEL = 0;
				GCC_PREPROCESSOR_DEFINITIONS = (
					"DEBUG=1",
					"$(inherited)",
				);
				GCC_WARN_64_TO_32_BIT_CONVERSION = YES;
				GCC_WARN_ABOUT_RETURN_TYPE = YES_ERROR;
				GCC_WARN_UNDECLARED_SELECTOR = YES;
				GCC_WARN_UNINITIALIZED_AUTOS = YES_AGGRESSIVE;
				GCC_WARN_UNUSED_FUNCTION = YES;
				GCC_WARN_UNUSED_VARIABLE = YES;
				IPHONEOS_DEPLOYMENT_TARGET = 11.3;
				MTL_ENABLE_DEBUG_INFO = YES;
				ONLY_ACTIVE_ARCH = YES;
				SDKROOT = iphoneos;
				SWIFT_ACTIVE_COMPILATION_CONDITIONS = DEBUG;
				SWIFT_OPTIMIZATION_LEVEL = "-Onone";
			};
			name = Debug;
		};
		FABA463B2089A2C2000CB1B9 /* Release */ = {
			isa = XCBuildConfiguration;
			buildSettings = {
				ALWAYS_SEARCH_USER_PATHS = NO;
				CLANG_ANALYZER_NONNULL = YES;
				CLANG_ANALYZER_NUMBER_OBJECT_CONVERSION = YES_AGGRESSIVE;
				CLANG_CXX_LANGUAGE_STANDARD = "gnu++14";
				CLANG_CXX_LIBRARY = "libc++";
				CLANG_ENABLE_MODULES = YES;
				CLANG_ENABLE_OBJC_ARC = YES;
				CLANG_ENABLE_OBJC_WEAK = YES;
				CLANG_WARN_BLOCK_CAPTURE_AUTORELEASING = YES;
				CLANG_WARN_BOOL_CONVERSION = YES;
				CLANG_WARN_COMMA = YES;
				CLANG_WARN_CONSTANT_CONVERSION = YES;
				CLANG_WARN_DEPRECATED_OBJC_IMPLEMENTATIONS = YES;
				CLANG_WARN_DIRECT_OBJC_ISA_USAGE = YES_ERROR;
				CLANG_WARN_DOCUMENTATION_COMMENTS = YES;
				CLANG_WARN_EMPTY_BODY = YES;
				CLANG_WARN_ENUM_CONVERSION = YES;
				CLANG_WARN_INFINITE_RECURSION = YES;
				CLANG_WARN_INT_CONVERSION = YES;
				CLANG_WARN_NON_LITERAL_NULL_CONVERSION = YES;
				CLANG_WARN_OBJC_IMPLICIT_RETAIN_SELF = YES;
				CLANG_WARN_OBJC_LITERAL_CONVERSION = YES;
				CLANG_WARN_OBJC_ROOT_CLASS = YES_ERROR;
				CLANG_WARN_RANGE_LOOP_ANALYSIS = YES;
				CLANG_WARN_STRICT_PROTOTYPES = YES;
				CLANG_WARN_SUSPICIOUS_MOVE = YES;
				CLANG_WARN_UNGUARDED_AVAILABILITY = YES_AGGRESSIVE;
				CLANG_WARN_UNREACHABLE_CODE = YES;
				CLANG_WARN__DUPLICATE_METHOD_MATCH = YES;
				CODE_SIGN_IDENTITY = "iPhone Developer";
				COPY_PHASE_STRIP = NO;
				DEBUG_INFORMATION_FORMAT = "dwarf-with-dsym";
				ENABLE_NS_ASSERTIONS = NO;
				ENABLE_STRICT_OBJC_MSGSEND = YES;
				GCC_C_LANGUAGE_STANDARD = gnu11;
				GCC_NO_COMMON_BLOCKS = YES;
				GCC_WARN_64_TO_32_BIT_CONVERSION = YES;
				GCC_WARN_ABOUT_RETURN_TYPE = YES_ERROR;
				GCC_WARN_UNDECLARED_SELECTOR = YES;
				GCC_WARN_UNINITIALIZED_AUTOS = YES_AGGRESSIVE;
				GCC_WARN_UNUSED_FUNCTION = YES;
				GCC_WARN_UNUSED_VARIABLE = YES;
				IPHONEOS_DEPLOYMENT_TARGET = 11.3;
				MTL_ENABLE_DEBUG_INFO = NO;
				SDKROOT = iphoneos;
				SWIFT_COMPILATION_MODE = wholemodule;
				SWIFT_OPTIMIZATION_LEVEL = "-O";
				VALIDATE_PRODUCT = YES;
			};
			name = Release;
		};
		FABA463D2089A2C2000CB1B9 /* Debug */ = {
			isa = XCBuildConfiguration;
			buildSettings = {
				ASSETCATALOG_COMPILER_APPICON_NAME = AppIcon;
				CODE_SIGN_STYLE = Automatic;
				DEVELOPMENT_TEAM = A682Q7Z257;
				INFOPLIST_FILE = AutoSizeCollectionViewCell/Info.plist;
				LD_RUNPATH_SEARCH_PATHS = (
					"$(inherited)",
					"@executable_path/Frameworks",
				);
				PRODUCT_BUNDLE_IDENTIFIER = com.alexcjlee.AutoSizeCollectionViewCell;
				PRODUCT_NAME = "$(TARGET_NAME)";
				SWIFT_VERSION = 4.0;
				TARGETED_DEVICE_FAMILY = "1,2";
			};
			name = Debug;
		};
		FABA463E2089A2C2000CB1B9 /* Release */ = {
			isa = XCBuildConfiguration;
			buildSettings = {
				ASSETCATALOG_COMPILER_APPICON_NAME = AppIcon;
				CODE_SIGN_STYLE = Automatic;
				DEVELOPMENT_TEAM = A682Q7Z257;
				INFOPLIST_FILE = AutoSizeCollectionViewCell/Info.plist;
				LD_RUNPATH_SEARCH_PATHS = (
					"$(inherited)",
					"@executable_path/Frameworks",
				);
				PRODUCT_BUNDLE_IDENTIFIER = com.alexcjlee.AutoSizeCollectionViewCell;
				PRODUCT_NAME = "$(TARGET_NAME)";
				SWIFT_VERSION = 4.0;
				TARGETED_DEVICE_FAMILY = "1,2";
			};
			name = Release;
		};
/* End XCBuildConfiguration section */

/* Begin XCConfigurationList section */
		FABA46252089A2C1000CB1B9 /* Build configuration list for PBXProject "AutoSizeCollectionViewCell" */ = {
			isa = XCConfigurationList;
			buildConfigurations = (
				FABA463A2089A2C2000CB1B9 /* Debug */,
				FABA463B2089A2C2000CB1B9 /* Release */,
			);
			defaultConfigurationIsVisible = 0;
			defaultConfigurationName = Release;
		};
		FABA463C2089A2C2000CB1B9 /* Build configuration list for PBXNativeTarget "AutoSizeCollectionViewCell" */ = {
			isa = XCConfigurationList;
			buildConfigurations = (
				FABA463D2089A2C2000CB1B9 /* Debug */,
				FABA463E2089A2C2000CB1B9 /* Release */,
			);
			defaultConfigurationIsVisible = 0;
			defaultConfigurationName = Release;
		};
/* End XCConfigurationList section */
	};
	rootObject = FABA46222089A2C1000CB1B9 /* Project object */;
}
